
Microsoft Visual Studio Solution File, Format Version 12.00
# Visual Studio Version 16
VisualStudioVersion = 16.0.31410.357
MinimumVisualStudioVersion = 10.0.40219.1
Project("{FAE04EC0-301F-11D3-BF4B-00C04F79EFBC}") = "AgroPrimeAPI", "AgroPrimeAPI.csproj", "{EEC7302E-8A93-4718-9F7B-36DB6BA7A692}"
EndProject
Global
	GlobalSection(SolutionConfigurationPlatforms) = preSolution
		Debug|Any CPU = Debug|Any CPU
		Release|Any CPU = Release|Any CPU
	EndGlobalSection
	GlobalSection(ProjectConfigurationPlatforms) = postSolution
		{EEC7302E-8A93-4718-9F7B-36DB6BA7A692}.Debug|Any CPU.ActiveCfg = Debug|Any CPU
		{EEC7302E-8A93-4718-9F7B-36DB6BA7A692}.Debug|Any CPU.Build.0 = Debug|Any CPU
		{EEC7302E-8A93-4718-9F7B-36DB6BA7A692}.Release|Any CPU.ActiveCfg = Release|Any CPU
		{EEC7302E-8A93-4718-9F7B-36DB6BA7A692}.Release|Any CPU.Build.0 = Release|Any CPU
	EndGlobalSection
	GlobalSection(SolutionProperties) = preSolution
		HideSolutionNode = FALSE
	EndGlobalSection
	GlobalSection(ExtensibilityGlobals) = postSolution
		SolutionGuid = {217727E1-97AE-42D4-B895-092879082840}
	EndGlobalSection
EndGlobal
